PODS:
  - CocoaAsyncSocket (7.6.5)
  - CocoaLumberjack/Core (3.8.5)
  - CocoaLumberjack/Swift (3.8.5):
    - CocoaLumberjack/Core
  - OpenSSL-Universal (1.1.2200)
  - PhoneNumberKit/PhoneNumberKitCore (3.8.0)
  - PromisesObjC (2.4.0)
  - PromisesSwift (2.4.0):
    - PromisesObjC (= 2.4.0)
  - SDWebImage (5.19.6):
    - SDWebImage/Core (= 5.19.6)
  - SDWebImage/Core (5.19.6)
  - zello-opus-ios (1.0.1)
  - ZelloSDK-dev (0.3.0):
    - CocoaAsyncSocket (~> 7.6)
    - CocoaLumberjack/Swift (~> 3.7)
    - OpenSSL-Universal (~> 1.1)
    - PhoneNumberKit/PhoneNumberKitCore (~> 3.6)
    - PromisesSwift (~> 2.1)
    - SDWebImage (~> 5.13)
    - zello-opus-ios (~> 1.0)

DEPENDENCIES:
  - ZelloSDK-dev (~> 0.3.0)

SPEC REPOS:
  https://github.com/zelloptt/cocoapods-specs.git:
    - ZelloSDK-dev
  trunk:
    - CocoaAsyncSocket
    - CocoaLumberjack
    - OpenSSL-Universal
    - PhoneNumberKit
    - PromisesObjC
    - PromisesSwift
    - SDWebImage
    - zello-opus-ios

SPEC CHECKSUMS:
  CocoaAsyncSocket: 065fd1e645c7abab64f7a6a2007a48038fdc6a99
  CocoaLumberjack: 6a459bc897d6d80bd1b8c78482ec7ad05dffc3f0
  OpenSSL-Universal: 6e1ae0555546e604dbc632a2b9a24a9c46c41ef6
  PhoneNumberKit: ec00ab8cef5342c1dc49fadb99d23fa7e66cf0ef
  PromisesObjC: f5707f49cb48b9636751c5b2e7d227e43fba9f47
  PromisesSwift: 9d77319bbe72ebf6d872900551f7eeba9bce2851
  SDWebImage: a79252b60f4678812d94316c91da69ec83089c9f
  zello-opus-ios: 8c1f08799d7a147c86f21ec2a18f7b19f8c2ceed
  ZelloSDK-dev: ef775e2d67b0df53a0f7ee40133f1df9cf08465f

PODFILE CHECKSUM: 5fbf02472e177ba89b5a1c1e7706eef778f348da

COCOAPODS: 1.15.2
